// !$*UTF8*$!
{
	archiveVersion = 1;
	classes = {
	};
	objectVersion = 50;
	objects = {

/* Begin PBXBuildFile section */
		D023341225777D21005E8DB8 /* AppDelegate.swift in Sources */ = {isa = PBXBuildFile; fileRef = D023341125777D21005E8DB8 /* AppDelegate.swift */; };
		D023341425777D21005E8DB8 /* SceneDelegate.swift in Sources */ = {isa = PBXBuildFile; fileRef = D023341325777D21005E8DB8 /* SceneDelegate.swift */; };
		D023341625777D21005E8DB8 /* ViewController.swift in Sources */ = {isa = PBXBuildFile; fileRef = D023341525777D21005E8DB8 /* ViewController.swift */; };
		D023341925777D21005E8DB8 /* Main.storyboard in Resources */ = {isa = PBXBuildFile; fileRef = D023341725777D21005E8DB8 /* Main.storyboard */; };
		D023341B25777D25005E8DB8 /* Assets.xcassets in Resources */ = {isa = PBXBuildFile; fileRef = D023341A25777D25005E8DB8 /* Assets.xcassets */; };
		D023341E25777D25005E8DB8 /* LaunchScreen.storyboard in Resources */ = {isa = PBXBuildFile; fileRef = D023341C25777D25005E8DB8 /* LaunchScreen.storyboard */; };
		D023342625777E87005E8DB8 /* DetailViewController.swift in Sources */ = {isa = PBXBuildFile; fileRef = D023342525777E87005E8DB8 /* DetailViewController.swift */; };
		D02334282578FC47005E8DB8 /* Note.swift in Sources */ = {isa = PBXBuildFile; fileRef = D02334272578FC47005E8DB8 /* Note.swift */; };
/* End PBXBuildFile section */

/* Begin PBXFileReference section */
		D023340E25777D21005E8DB8 /* Challenge7.app */ = {isa = PBXFileReference; explicitFileType = wrapper.application; includeInIndex = 0; path = Challenge7.app; sourceTree = BUILT_PRODUCTS_DIR; };
		D023341125777D21005E8DB8 /* AppDelegate.swift */ = {isa = PBXFileReference; lastKnownFileType = sourcecode.swift; path = AppDelegate.swift; sourceTree = "<group>"; };
		D023341325777D21005E8DB8 /* SceneDelegate.swift */ = {isa = PBXFileReference; lastKnownFileType = sourcecode.swift; path = SceneDelegate.swift; sourceTree = "<group>"; };
		D023341525777D21005E8DB8 /* ViewController.swift */ = {isa = PBXFileReference; lastKnownFileType = sourcecode.swift; path = ViewController.swift; sourceTree = "<group>"; };
		D023341825777D21005E8DB8 /* Base */ = {isa = PBXFileReference; lastKnownFileType = file.storyboard; name = Base; path = Base.lproj/Main.storyboard; sourceTree = "<group>"; };
		D023341A25777D25005E8DB8 /* Assets.xcassets */ = {isa = PBXFileReference; lastKnownFileType = folder.assetcatalog; path = Assets.xcassets; sourceTree = "<group>"; };
		D023341D25777D25005E8DB8 /* Base */ = {isa = PBXFileReference; lastKnownFileType = file.storyboard; name = Base; path = Base.lproj/LaunchScreen.storyboard; sourceTree = "<group>"; };
		D023341F25777D25005E8DB8 /* Info.plist */ = {isa = PBXFileReference; lastKnownFileType = text.plist.xml; path = Info.plist; sourceTree = "<group>"; };
		D023342525777E87005E8DB8 /* DetailViewController.swift */ = {isa = PBXFileReference; lastKnownFileType = sourcecode.swift; path = DetailViewController.swift; sourceTree = "<group>"; };
		D02334272578FC47005E8DB8 /* Note.swift */ = {isa = PBXFileReference; lastKnownFileType = sourcecode.swift; path = Note.swift; sourceTree = "<group>"; };
/* End PBXFileReference section */

/* Begin PBXFrameworksBuildPhase section */
		D023340B25777D20005E8DB8 /* Frameworks */ = {
			isa = PBXFrameworksBuildPhase;
			buildActionMask = 2147483647;
			files = (
			);
			runOnlyForDeploymentPostprocessing = 0;
		};
/* End PBXFrameworksBuildPhase section */

/* Begin PBXGroup section */
		D023340525777D20005E8DB8 = {
			isa = PBXGroup;
			children = (
				D023341025777D21005E8DB8 /* Challenge7 */,
				D023340F25777D21005E8DB8 /* Products */,
			);
			sourceTree = "<group>";
		};
		D023340F25777D21005E8DB8 /* Products */ = {
			isa = PBXGroup;
			children = (
				D023340E25777D21005E8DB8 /* Challenge7.app */,
			);
			name = Products;
			sourceTree = "<group>";
		};
		D023341025777D21005E8DB8 /* Challenge7 */ = {
			isa = PBXGroup;
			children = (
				D023341125777D21005E8DB8 /* AppDelegate.swift */,
				D023341325777D21005E8DB8 /* SceneDelegate.swift */,
				D023341525777D21005E8DB8 /* ViewController.swift */,
				D02334272578FC47005E8DB8 /* Note.swift */,
				D023342525777E87005E8DB8 /* DetailViewController.swift */,
				D023341725777D21005E8DB8 /* Main.storyboard */,
				D023341A25777D25005E8DB8 /* Assets.xcassets */,
				D023341C25777D25005E8DB8 /* LaunchScreen.storyboard */,
				D023341F25777D25005E8DB8 /* Info.plist */,
			);
			path = Challenge7;
			sourceTree = "<group>";
		};
/* End PBXGroup section */

/* Begin PBXNativeTarget section */
		D023340D25777D20005E8DB8 /* Challenge7 */ = {
			isa = PBXNativeTarget;
			buildConfigurationList = D023342225777D25005E8DB8 /* Build configuration list for PBXNativeTarget "Challenge7" */;
			buildPhases = (
				D023340A25777D20005E8DB8 /* Sources */,
				D023340B25777D20005E8DB8 /* Frameworks */,
				D023340C25777D20005E8DB8 /* Resources */,
			);
			buildRules = (
			);
			dependencies = (
			);
			name = Challenge7;
			productName = Challenge7;
			productReference = D023340E25777D21005E8DB8 /* Challenge7.app */;
			productType = "com.apple.product-type.application";
		};
/* End PBXNativeTarget section */

/* Begin PBXProject section */
		D023340625777D20005E8DB8 /* Project object */ = {
			isa = PBXProject;
			attributes = {
				LastSwiftUpdateCheck = 1170;
				LastUpgradeCheck = 1170;
				ORGANIZATIONNAME = "MacBook Air";
				TargetAttributes = {
					D023340D25777D20005E8DB8 = {
						CreatedOnToolsVersion = 11.7;
					};
				};
			};
			buildConfigurationList = D023340925777D20005E8DB8 /* Build configuration list for PBXProject "Challenge7" */;
			compatibilityVersion = "Xcode 9.3";
			developmentRegion = en;
			hasScannedForEncodings = 0;
			knownRegions = (
				en,
				Base,
			);
			mainGroup = D023340525777D20005E8DB8;
			productRefGroup = D023340F25777D21005E8DB8 /* Products */;
			projectDirPath = "";
			projectRoot = "";
			targets = (
				D023340D25777D20005E8DB8 /* Challenge7 */,
			);
		};
/* End PBXProject section */

/* Begin PBXResourcesBuildPhase section */
		D023340C25777D20005E8DB8 /* Resources */ = {
			isa = PBXResourcesBuildPhase;
			buildActionMask = 2147483647;
			files = (
				D023341E25777D25005E8DB8 /* LaunchScreen.storyboard in Resources */,
				D023341B25777D25005E8DB8 /* Assets.xcassets in Resources */,
				D023341925777D21005E8DB8 /* Main.storyboard in Resources */,
			);
			runOnlyForDeploymentPostprocessing = 0;
		};
/* End PBXResourcesBuildPhase section */

/* Begin PBXSourcesBuildPhase section */
		D023340A25777D20005E8DB8 /* Sources */ = {
			isa = PBXSourcesBuildPhase;
			buildActionMask = 2147483647;
			files = (
				D02334282578FC47005E8DB8 /* Note.swift in Sources */,
				D023341625777D21005E8DB8 /* ViewController.swift in Sources */,
				D023341225777D21005E8DB8 /* AppDelegate.swift in Sources */,
				D023341425777D21005E8DB8 /* SceneDelegate.swift in Sources */,
				D023342625777E87005E8DB8 /* DetailViewController.swift in Sources */,
			);
			runOnlyForDeploymentPostprocessing = 0;
		};
/* End PBXSourcesBuildPhase section */

/* Begin PBXVariantGroup section */
		D023341725777D21005E8DB8 /* Main.storyboard */ = {
			isa = PBXVariantGroup;
			children = (
				D023341825777D21005E8DB8 /* Base */,
			);
			name = Main.storyboard;
			sourceTree = "<group>";
		};
		D023341C25777D25005E8DB8 /* LaunchScreen.storyboard */ = {
			isa = PBXVariantGroup;
			children = (
				D023341D25777D25005E8DB8 /* Base */,
			);
			name = LaunchScreen.storyboard;
			sourceTree = "<group>";
		};
/* End PBXVariantGroup section */

/* Begin XCBuildConfiguration section */
		D023342025777D25005E8DB8 /* Debug */ = {
			isa = XCBuildConfiguration;
			buildSettings = {
				ALWAYS_SEARCH_USER_PATHS = NO;
				CLANG_ANALYZER_NONNULL = YES;
				CLANG_ANALYZER_NUMBER_OBJECT_CONVERSION = YES_AGGRESSIVE;
				CLANG_CXX_LANGUAGE_STANDARD = "gnu++14";
				CLANG_CXX_LIBRARY = "libc++";
				CLANG_ENABLE_MODULES = YES;
				CLANG_ENABLE_OBJC_ARC = YES;
				CLANG_ENABLE_OBJC_WEAK = YES;
				CLANG_WARN_BLOCK_CAPTURE_AUTORELEASING = YES;
				CLANG_WARN_BOOL_CONVERSION = YES;
				CLANG_WARN_COMMA = YES;
				CLANG_WARN_CONSTANT_CONVERSION = YES;
				CLANG_WARN_DEPRECATED_OBJC_IMPLEMENTATIONS = YES;
				CLANG_WARN_DIRECT_OBJC_ISA_USAGE = YES_ERROR;
				CLANG_WARN_DOCUMENTATION_COMMENTS = YES;
				CLANG_WARN_EMPTY_BODY = YES;
				CLANG_WARN_ENUM_CONVERSION = YES;
				CLANG_WARN_INFINITE_RECURSION = YES;
				CLANG_WARN_INT_CONVERSION = YES;
				CLANG_WARN_NON_LITERAL_NULL_CONVERSION = YES;
				CLANG_WARN_OBJC_IMPLICIT_RETAIN_SELF = YES;
				CLANG_WARN_OBJC_LITERAL_CONVERSION = YES;
				CLANG_WARN_OBJC_ROOT_CLASS = YES_ERROR;
				CLANG_WARN_RANGE_LOOP_ANALYSIS = YES;
				CLANG_WARN_STRICT_PROTOTYPES = YES;
				CLANG_WARN_SUSPICIOUS_MOVE = YES;
				CLANG_WARN_UNGUARDED_AVAILABILITY = YES_AGGRESSIVE;
				CLANG_WARN_UNREACHABLE_CODE = YES;
				CLANG_WARN__DUPLICATE_METHOD_MATCH = YES;
				COPY_PHASE_STRIP = NO;
				DEBUG_INFORMATION_FORMAT = dwarf;
				ENABLE_STRICT_OBJC_MSGSEND = YES;
				ENABLE_TESTABILITY = YES;
				GCC_C_LANGUAGE_STANDARD = gnu11;
				GCC_DYNAMIC_NO_PIC = NO;
				GCC_NO_COMMON_BLOCKS = YES;
				GCC_OPTIMIZATION_LEVEL = 0;
				GCC_PREPROCESSOR_DEFINITIONS = (
					"DEBUG=1",
					"$(inherited)",
				);
				GCC_WARN_64_TO_32_BIT_CONVERSION = YES;
				GCC_WARN_ABOUT_RETURN_TYPE = YES_ERROR;
				GCC_WARN_UNDECLARED_SELECTOR = YES;
				GCC_WARN_UNINITIALIZED_AUTOS = YES_AGGRESSIVE;
				GCC_WARN_UNUSED_FUNCTION = YES;
				GCC_WARN_UNUSED_VARIABLE = YES;
				IPHONEOS_DEPLOYMENT_TARGET = 13.7;
				MTL_ENABLE_DEBUG_INFO = INCLUDE_SOURCE;
				MTL_FAST_MATH = YES;
				ONLY_ACTIVE_ARCH = YES;
				SDKROOT = iphoneos;
				SWIFT_ACTIVE_COMPILATION_CONDITIONS = DEBUG;
				SWIFT_OPTIMIZATION_LEVEL = "-Onone";
			};
			name = Debug;
		};
		D023342125777D25005E8DB8 /* Release */ = {
			isa = XCBuildConfiguration;
			buildSettings = {
				ALWAYS_SEARCH_USER_PATHS = NO;
				CLANG_ANALYZER_NONNULL = YES;
				CLANG_ANALYZER_NUMBER_OBJECT_CONVERSION = YES_AGGRESSIVE;
				CLANG_CXX_LANGUAGE_STANDARD = "gnu++14";
				CLANG_CXX_LIBRARY = "libc++";
				CLANG_ENABLE_MODULES = YES;
				CLANG_ENABLE_OBJC_ARC = YES;
				CLANG_ENABLE_OBJC_WEAK = YES;
				CLANG_WARN_BLOCK_CAPTURE_AUTORELEASING = YES;
				CLANG_WARN_BOOL_CONVERSION = YES;
				CLANG_WARN_COMMA = YES;
				CLANG_WARN_CONSTANT_CONVERSION = YES;
				CLANG_WARN_DEPRECATED_OBJC_IMPLEMENTATIONS = YES;
				CLANG_WARN_DIRECT_OBJC_ISA_USAGE = YES_ERROR;
				CLANG_WARN_DOCUMENTATION_COMMENTS = YES;
				CLANG_WARN_EMPTY_BODY = YES;
				CLANG_WARN_ENUM_CONVERSION = YES;
				CLANG_WARN_INFINITE_RECURSION = YES;
				CLANG_WARN_INT_CONVERSION = YES;
				CLANG_WARN_NON_LITERAL_NULL_CONVERSION = YES;
				CLANG_WARN_OBJC_IMPLICIT_RETAIN_SELF = YES;
				CLANG_WARN_OBJC_LITERAL_CONVERSION = YES;
				CLANG_WARN_OBJC_ROOT_CLASS = YES_ERROR;
				CLANG_WARN_RANGE_LOOP_ANALYSIS = YES;
				CLANG_WARN_STRICT_PROTOTYPES = YES;
				CLANG_WARN_SUSPICIOUS_MOVE = YES;
				CLANG_WARN_UNGUARDED_AVAILABILITY = YES_AGGRESSIVE;
				CLANG_WARN_UNREACHABLE_CODE = YES;
				CLANG_WARN__DUPLICATE_METHOD_MATCH = YES;
				COPY_PHASE_STRIP = NO;
				DEBUG_INFORMATION_FORMAT = "dwarf-with-dsym";
				ENABLE_NS_ASSERTIONS = NO;
				ENABLE_STRICT_OBJC_MSGSEND = YES;
				GCC_C_LANGUAGE_STANDARD = gnu11;
				GCC_NO_COMMON_BLOCKS = YES;
				GCC_WARN_64_TO_32_BIT_CONVERSION = YES;
				GCC_WARN_ABOUT_RETURN_TYPE = YES_ERROR;
				GCC_WARN_UNDECLARED_SELECTOR = YES;
				GCC_WARN_UNINITIALIZED_AUTOS = YES_AGGRESSIVE;
				GCC_WARN_UNUSED_FUNCTION = YES;
				GCC_WARN_UNUSED_VARIABLE = YES;
				IPHONEOS_DEPLOYMENT_TARGET = 13.7;
				MTL_ENABLE_DEBUG_INFO = NO;
				MTL_FAST_MATH = YES;
				SDKROOT = iphoneos;
				SWIFT_COMPILATION_MODE = wholemodule;
				SWIFT_OPTIMIZATION_LEVEL = "-O";
				VALIDATE_PRODUCT = YES;
			};
			name = Release;
		};
		D023342325777D25005E8DB8 /* Debug */ = {
			isa = XCBuildConfiguration;
			buildSettings = {
				ASSETCATALOG_COMPILER_APPICON_NAME = AppIcon;
				CODE_SIGN_STYLE = Automatic;
				DEVELOPMENT_TEAM = 6R24A423ZF;
				INFOPLIST_FILE = Challenge7/Info.plist;
				LD_RUNPATH_SEARCH_PATHS = (
					"$(inherited)",
					"@executable_path/Frameworks",
				);
				PRODUCT_BUNDLE_IDENTIFIER = "-2532.Challenge7";
				PRODUCT_NAME = "$(TARGET_NAME)";
				SWIFT_VERSION = 5.0;
				TARGETED_DEVICE_FAMILY = "1,2";
			};
			name = Debug;
		};
		D023342425777D25005E8DB8 /* Release */ = {
			isa = XCBuildConfiguration;
			buildSettings = {
				ASSETCATALOG_COMPILER_APPICON_NAME = AppIcon;
				CODE_SIGN_STYLE = Automatic;
				DEVELOPMENT_TEAM = 6R24A423ZF;
				INFOPLIST_FILE = Challenge7/Info.plist;
				LD_RUNPATH_SEARCH_PATHS = (
					"$(inherited)",
					"@executable_path/Frameworks",
				);
				PRODUCT_BUNDLE_IDENTIFIER = "-2532.Challenge7";
				PRODUCT_NAME = "$(TARGET_NAME)";
				SWIFT_VERSION = 5.0;
				TARGETED_DEVICE_FAMILY = "1,2";
			};
			name = Release;
		};
/* End XCBuildConfiguration section */

/* Begin XCConfigurationList section */
		D023340925777D20005E8DB8 /* Build configuration list for PBXProject "Challenge7" */ = {
			isa = XCConfigurationList;
			buildConfigurations = (
				D023342025777D25005E8DB8 /* Debug */,
				D023342125777D25005E8DB8 /* Release */,
			);
			defaultConfigurationIsVisible = 0;
			defaultConfigurationName = Release;
		};
		D023342225777D25005E8DB8 /* Build configuration list for PBXNativeTarget "Challenge7" */ = {
			isa = XCConfigurationList;
			buildConfigurations = (
				D023342325777D25005E8DB8 /* Debug */,
				D023342425777D25005E8DB8 /* Release */,
			);
			defaultConfigurationIsVisible = 0;
			defaultConfigurationName = Release;
		};
/* End XCConfigurationList section */
	};
	rootObject = D023340625777D20005E8DB8 /* Project object */;
}
